version = 1
revision = 3
requires-python = ">=3.13"

[[package]]
name = "llm-knowledge-enhancement"
version = "0.1.0"
source = { editable = "." }

[package.dev-dependencies]
dev = [
    { name = "prek" },
    { name = "ruff" },
]

[package.metadata]

[package.metadata.requires-dev]
dev = [
    { name = "prek", specifier = ">=0.3.9" },
    { name = "ruff", specifier = ">=0.15.11" },
]

[[package]]
name = "prek"
version = "0.3.9"
source = { registry = "https://pypi.org/simple" }
sdist = { url = "https://files.pythonhosted.org/packages/15/ff/5b7a2a9c4fa3dd2ffc8b13a9ec22aa550deda5b39ab273f8e02863b12642/prek-0.3.9.tar.gz", hash = "sha256:f82b92d81f42f1f90a47f5fbbf492373e25ef1f790080215b2722dd6da66510e", size = 423801, upload-time = "2026-04-13T12:30:38.191Z" }
wheels = [
    { url = "https://files.pythonhosted.org/packages/3c/08/c11a6b7834b461223763b6b1552f32c9199393685d52d555de621e900ee7/prek-0.3.9-py3-none-linux_armv6l.whl", hash = "sha256:3ed793d51bfaa27bddb64d525d7acb77a7c8644f549412d82252e3eb0b88aad8", size = 5337784, upload-time = "2026-04-13T12:30:46.044Z" },
    { url = "https://files.pythonhosted.org/packages/15/d9/974b02832a645c6411069c713e3191ce807f9962006da108e4727efd2fa1/prek-0.3.9-py3-none-macosx_10_12_x86_64.whl", hash = "sha256:399c58400c0bd0b82a93a3c09dc1bfd88d8d0cfb242d414d2ed247187b06ead1", size = 5713864, upload-time = "2026-04-13T12:30:27.007Z" },
    { url = "https://files.pythonhosted.org/packages/40/e1/4ed14bef15eb30039a75177b0807ac007095a5a110284706ccf900a8d512/prek-0.3.9-py3-none-macosx_11_0_arm64.whl", hash = "sha256:e2ea1ffb124e92f081b8e2ca5b5a623a733efb3be0c5b1f4b7ffe2ee17d1f20c", size = 5290437, upload-time = "2026-04-13T12:30:30.658Z" },
    { url = "https://files.pythonhosted.org/packages/67/80/d5c3015e9da161dede566bfeef41f098f92470613157daa4f7377ab08d58/prek-0.3.9-py3-none-manylinux_2_17_aarch64.manylinux2014_aarch64.musllinux_1_1_aarch64.whl", hash = "sha256:aaf639f95b7301639298311d8d44aad0d0b4864e9736083ad3c71ce9765d37ab", size = 5536208, upload-time = "2026-04-13T12:30:47.964Z" },
    { url = "https://files.pythonhosted.org/packages/c8/54/8cdc5eb1018437d7828740defd322e7a96459c02fc8961160c4120325313/prek-0.3.9-py3-none-manylinux_2_17_armv7l.manylinux2014_armv7l.whl", hash = "sha256:ff104863b187fa443ea8451ca55d51e2c6e94f99f00d88784b5c3c4c623f1ebe", size = 5251785, upload-time = "2026-04-13T12:30:39.78Z" },
    { url = "https://files.pythonhosted.org/packages/bd/e2/a5fc35a0fd3167224a000ca1b6235ecbdea0ac77e24af5979a75b0e6b5a4/prek-0.3.9-py3-none-manylinux_2_17_i686.manylinux2014_i686.whl", hash = "sha256:039ecaf87c63a3e67cca645ebd5bc5eb6aafa6c9d929e9a27b2921e7849d7ef9", size = 5668548, upload-time = "2026-04-13T12:30:24.914Z" },
    { url = "https://files.pythonhosted.org/packages/09/e8/a189ee79f401c259f66f8af587f899d4d5bfb04e0ca371bfd01e49871007/prek-0.3.9-py3-none-manylinux_2_17_s390x.manylinux2014_s390x.whl", hash = "sha256:3bde2a3d045705095983c7f78ba04f72a7565fe1c2b4e85f5628502a254754ff", size = 6660927, upload-time = "2026-04-13T12:30:44.495Z" },
    { url = "https://files.pythonhosted.org/packages/a4/5a/54117316e98ff62a14911ad1488a3a0945530242a2ce3e92f7a40b6ccc02/prek-0.3.9-py3-none-manylinux_2_17_x86_64.manylinux2014_x86_64.whl", hash = "sha256:28a0960a21543563e2c8e19aaad176cc8423a87aac3c914d0f313030d7a9244a", size = 5932244, upload-time = "2026-04-13T12:30:49.532Z" },
    { url = "https://files.pythonhosted.org/packages/a7/f9/e88d4361f59be7adeeb3a8a3819d69d286d86fe6f7606840af6734362675/prek-0.3.9-py3-none-manylinux_2_28_aarch64.whl", hash = "sha256:0dfb5d5171d7523271909246ee306b4dc3d5b63752e7dd7c7e8a8908fc9490d1", size = 5542139, upload-time = "2026-04-13T12:30:41.266Z" },
    { url = "https://files.pythonhosted.org/packages/11/1f/204837115087bb8d063bda754a7fe975428c5d5b6548c30dd749f8ab85d4/prek-0.3.9-py3-none-manylinux_2_31_riscv64.whl", hash = "sha256:82b791bd36c1430c84d3ae7220a85152babc7eaf00f70adcb961bd594e756ba3", size = 5392519, upload-time = "2026-04-13T12:30:32.603Z" },
    { url = "https://files.pythonhosted.org/packages/bd/00/de57b5795e670b6d38e7eda6d9ac6fd6d757ca22f725e5054b042104cd53/prek-0.3.9-py3-none-musllinux_1_1_armv7l.whl", hash = "sha256:6eac6d2f736b041118f053a1487abed468a70dd85a8688eaf87bb42d3dcecf20", size = 5222780, upload-time = "2026-04-13T12:30:36.576Z" },
    { url = "https://files.pythonhosted.org/packages/f5/14/0bc055c305d92980b151f2ec00c14d28fe94c6d51180ca07fded28771cbf/prek-0.3.9-py3-none-musllinux_1_1_i686.whl", hash = "sha256:5517e46e761367a3759b3168eabc120840ffbca9dfbc53187167298a98f87dc4", size = 5524310, upload-time = "2026-04-13T12:30:34.469Z" },
    { url = "https://files.pythonhosted.org/packages/b9/d1/eebc2b69be0de36cd84adbe0a0710f4deb468a90e30525be027d6db02d54/prek-0.3.9-py3-none-musllinux_1_1_x86_64.whl", hash = "sha256:92024778cf78683ca32687bb249ab6a7d5c33887b5ee1d1a9f6d0c14228f4cf3", size = 6043751, upload-time = "2026-04-13T12:30:29.101Z" },
    { url = "https://files.pythonhosted.org/packages/46/cb/be98c04e702cbc0b0328cd745ff4634ace69ad5a84461bde36f88a7be873/prek-0.3.9-py3-none-win32.whl", hash = "sha256:7f89c55e5f480f5d073769e319924ad69d4bf9f98c5cb46a83082e26e634c958", size = 5045940, upload-time = "2026-04-13T12:30:42.882Z" },
    { url = "https://files.pythonhosted.org/packages/a6/b6/b51771d69f6282e34edeb73f23d956da34f2cabbb5ba16ba175cc0a056f9/prek-0.3.9-py3-none-win_amd64.whl", hash = "sha256:7722f3372eaa83b147e70a43cb7b9fe2128c13d0c78d8a1cdbf2a8ec2ee071eb", size = 5435204, upload-time = "2026-04-13T12:30:51.482Z" },
    { url = "https://files.pythonhosted.org/packages/30/8a/f8a87c15b095460eccd67c8d89a086b7a37aac8d363f89544b8ce6ec653d/prek-0.3.9-py3-none-win_arm64.whl", hash = "sha256:0bced6278d6cc8a4b46048979e36bc9da034611dc8facd77ab123177b833a929", size = 5279552, upload-time = "2026-04-13T12:30:53.011Z" },
]

[[package]]
name = "ruff"
version = "0.15.11"
source = { registry = "https://pypi.org/simple" }
sdist = { url = "https://files.pythonhosted.org/packages/e4/8d/192f3d7103816158dfd5ea50d098ef2aec19194e6cbccd4b3485bdb2eb2d/ruff-0.15.11.tar.gz", hash = "sha256:f092b21708bf0e7437ce9ada249dfe688ff9a0954fc94abab05dcea7dcd29c33", size = 4637264, upload-time = "2026-04-16T18:46:26.58Z" }
wheels = [
    { url = "https://files.pythonhosted.org/packages/02/1e/6aca3427f751295ab011828e15e9bf452200ac74484f1db4be0197b8170b/ruff-0.15.11-py3-none-linux_armv6l.whl", hash = "sha256:e927cfff503135c558eb581a0c9792264aae9507904eb27809cdcff2f2c847b7", size = 10607943, upload-time = "2026-04-16T18:46:05.967Z" },
    { url = "https://files.pythonhosted.org/packages/e7/26/1341c262e74f36d4e84f3d6f4df0ac68cd53331a66bfc5080daa17c84c0b/ruff-0.15.11-py3-none-macosx_10_12_x86_64.whl", hash = "sha256:7a1b5b2938d8f890b76084d4fa843604d787a912541eae85fd7e233398bbb73e", size = 10988592, upload-time = "2026-04-16T18:46:00.742Z" },
    { url = "https://files.pythonhosted.org/packages/03/71/850b1d6ffa9564fbb6740429bad53df1094082fe515c8c1e74b6d8d05f18/ruff-0.15.11-py3-none-macosx_11_0_arm64.whl", hash = "sha256:d4176f3d194afbdaee6e41b9ccb1a2c287dba8700047df474abfbe773825d1cb", size = 10338501, upload-time = "2026-04-16T18:46:03.723Z" },
    { url = "https://files.pythonhosted.org/packages/f2/11/cc1284d3e298c45a817a6aadb6c3e1d70b45c9b36d8d9cce3387b495a03a/ruff-0.15.11-py3-none-manylinux_2_17_aarch64.manylinux2014_aarch64.whl", hash = "sha256:3b17c886fb88203ced3afe7f14e8d5ae96e9d2f4ccc0ee66aa19f2c2675a27e4", size = 10670693, upload-time = "2026-04-16T18:46:41.941Z" },
    { url = "https://files.pythonhosted.org/packages/ce/9e/f8288b034ab72b371513c13f9a41d9ba3effac54e24bfb467b007daee2ca/ruff-0.15.11-py3-none-manylinux_2_17_armv7l.manylinux2014_armv7l.whl", hash = "sha256:49fafa220220afe7758a487b048de4c8f9f767f37dfefad46b9dd06759d003eb", size = 10416177, upload-time = "2026-04-16T18:46:21.717Z" },
    { url = "https://files.pythonhosted.org/packages/85/71/504d79abfd3d92532ba6bbe3d1c19fada03e494332a59e37c7c2dabae427/ruff-0.15.11-py3-none-manylinux_2_17_i686.manylinux2014_i686.whl", hash = "sha256:f2ab8427e74a00d93b8bda1307b1e60970d40f304af38bccb218e056c220120d", size = 11221886, upload-time = "2026-04-16T18:46:15.086Z" },
    { url = "https://files.pythonhosted.org/packages/43/5a/947e6ab7a5ad603d65b474be15a4cbc6d29832db5d762cd142e4e3a74164/ruff-0.15.11-py3-none-manylinux_2_17_ppc64le.manylinux2014_ppc64le.whl", hash = "sha256:195072c0c8e1fc8f940652073df082e37a5d9cb43b4ab1e4d0566ab8977a13b7", size = 12075183, upload-time = "2026-04-16T18:46:07.944Z" },
    { url = "https://files.pythonhosted.org/packages/9f/a1/0b7bb6268775fdd3a0818aee8efd8f5b4e231d24dd4d528ced2534023182/ruff-0.15.11-py3-none-manylinux_2_17_s390x.manylinux2014_s390x.whl", hash = "sha256:a3a0996d486af3920dec930a2e7daed4847dfc12649b537a9335585ada163e9e", size = 11516575, upload-time = "2026-04-16T18:46:31.687Z" },
    { url = "https://files.pythonhosted.org/packages/30/c3/bb5168fc4d233cc06e95f482770d0f3c87945a0cd9f614b90ea8dc2f2833/ruff-0.15.11-py3-none-manylinux_2_17_x86_64.manylinux2014_x86_64.whl", hash = "sha256:1bef2cb556d509259f1fe440bb9cd33c756222cf0a7afe90d15edf0866702431", size = 11306537, upload-time = "2026-04-16T18:46:36.988Z" },
    { url = "https://files.pythonhosted.org/packages/e4/92/4cfae6441f3967317946f3b788136eecf093729b94d6561f963ed810c82e/ruff-0.15.11-py3-none-manylinux_2_31_riscv64.whl", hash = "sha256:030d921a836d7d4a12cf6e8d984a88b66094ccb0e0f17ddd55067c331191bf19", size = 11296813, upload-time = "2026-04-16T18:46:24.182Z" },
    { url = "https://files.pythonhosted.org/packages/43/26/972784c5dde8313acde8ac71ba8ac65475b85db4a2352a76c9934361f9bc/ruff-0.15.11-py3-none-musllinux_1_2_aarch64.whl", hash = "sha256:0e783b599b4577788dbbb66b9addcef87e9a8832f4ce0c19e34bf55543a2f890", size = 10633136, upload-time = "2026-04-16T18:46:39.802Z" },
    { url = "https://files.pythonhosted.org/packages/5b/53/3985a4f185020c2f367f2e08a103032e12564829742a1b417980ce1514a0/ruff-0.15.11-py3-none-musllinux_1_2_armv7l.whl", hash = "sha256:ae90592246625ba4a34349d68ec28d4400d75182b71baa196ddb9f82db025ef5", size = 10424701, upload-time = "2026-04-16T18:46:10.381Z" },
    { url = "https://files.pythonhosted.org/packages/d3/57/bf0dfb32241b56c83bb663a826133da4bf17f682ba8c096973065f6e6a68/ruff-0.15.11-py3-none-musllinux_1_2_i686.whl", hash = "sha256:1f111d62e3c983ed20e0ca2e800f8d77433a5b1161947df99a5c2a3fb60514f0", size = 10873887, upload-time = "2026-04-16T18:46:29.157Z" },
    { url = "https://files.pythonhosted.org/packages/02/05/e48076b2a57dc33ee8c7a957296f97c744ca891a8ffb4ffb1aaa3b3f517d/ruff-0.15.11-py3-none-musllinux_1_2_x86_64.whl", hash = "sha256:06f483d6646f59eaffba9ae30956370d3a886625f511a3108994000480621d1c", size = 11404316, upload-time = "2026-04-16T18:46:19.462Z" },
    { url = "https://files.pythonhosted.org/packages/88/27/0195d15fe7a897cbcba0904792c4b7c9fdd958456c3a17d2ea6093716a9a/ruff-0.15.11-py3-none-win32.whl", hash = "sha256:476a2aa56b7da0b73a3ee80b6b2f0e19cce544245479adde7baa65466664d5f3", size = 10655535, upload-time = "2026-04-16T18:46:12.47Z" },
    { url = "https://files.pythonhosted.org/packages/3a/5e/c927b325bd4c1d3620211a4b96f47864633199feed60fa936025ab27e090/ruff-0.15.11-py3-none-win_amd64.whl", hash = "sha256:8b6756d88d7e234fb0c98c91511aae3cd519d5e3ed271cae31b20f39cb2a12a3", size = 11779692, upload-time = "2026-04-16T18:46:17.268Z" },
    { url = "https://files.pythonhosted.org/packages/63/b6/aeadee5443e49baa2facd51131159fd6301cc4ccfc1541e4df7b021c37dd/ruff-0.15.11-py3-none-win_arm64.whl", hash = "sha256:063fed18cc1bbe0ee7393957284a6fe8b588c6a406a285af3ee3f46da2391ee4", size = 11032614, upload-time = "2026-04-16T18:46:34.487Z" },
]
